lockfileVersion: 5.4

specifiers:
  '@types/express': ^4.17.17
  express-serve-static-core: ^0.1.1

devDependencies:
  '@types/express': registry.npmmirror.com/@types/express/4.17.17
  express-serve-static-core: registry.npmmirror.com/express-serve-static-core/0.1.1

packages:

  registry.npmmirror.com/@types/body-parser/1.19.2:
    resolution: {integrity: sha512-ALYone6pm6QmwZoAgeyNksccT9Q4AWZQ6PvfwR37GT6r6FWUPguq6sUmNGSMV2Wr761oQoBxwGGa6DR5o1DC9g==, registry: https://registry.npm.taobao.org/, tarball: https://registry.npmmirror.com/@types/body-parser/-/body-parser-1.19.2.tgz}
    name: '@types/body-parser'
    version: 1.19.2
    dependencies:
      '@types/connect': registry.npmmirror.com/@types/connect/3.4.35
      '@types/node': registry.npmmirror.com/@types/node/20.1.7
    dev: true

  registry.npmmirror.com/@types/connect/3.4.35:
    resolution: {integrity: sha512-cdeYyv4KWoEgpBISTxWvqYsVy444DOqehiF3fM3ne10AmJ62RSyNkUnxMJXHQWRQQX2eR94m5y1IZyDwBjV9FQ==, registry: https://registry.npm.taobao.org/, tarball: https://registry.npmmirror.com/@types/connect/-/connect-3.4.35.tgz}
    name: '@types/connect'
    version: 3.4.35
    dependencies:
      '@types/node': registry.npmmirror.com/@types/node/20.1.7
    dev: true

  registry.npmmirror.com/@types/express-serve-static-core/4.17.35:
    resolution: {integrity: sha512-wALWQwrgiB2AWTT91CB62b6Yt0sNHpznUXeZEcnPU3DRdlDIz74x8Qg1UUYKSVFi+va5vKOLYRBI1bRKiLLKIg==, registry: https://registry.npm.taobao.org/, tarball: https://registry.npmmirror.com/@types/express-serve-static-core/-/express-serve-static-core-4.17.35.tgz}
    name: '@types/express-serve-static-core'
    version: 4.17.35
    dependencies:
      '@types/node': registry.npmmirror.com/@types/node/20.1.7
      '@types/qs': registry.npmmirror.com/@types/qs/6.9.7
      '@types/range-parser': registry.npmmirror.com/@types/range-parser/1.2.4
      '@types/send': registry.npmmirror.com/@types/send/0.17.1
    dev: true

  registry.npmmirror.com/@types/express/4.17.17:
    resolution: {integrity: sha512-Q4FmmuLGBG58btUnfS1c1r/NQdlp3DMfGDGig8WhfpA2YRUtEkxAjkZb0yvplJGYdF1fsQ81iMDcH24sSCNC/Q==, registry: https://registry.npm.taobao.org/, tarball: https://registry.npmmirror.com/@types/express/-/express-4.17.17.tgz}
    name: '@types/express'
    version: 4.17.17
    dependencies:
      '@types/body-parser': registry.npmmirror.com/@types/body-parser/1.19.2
      '@types/express-serve-static-core': registry.npmmirror.com/@types/express-serve-static-core/4.17.35
      '@types/qs': registry.npmmirror.com/@types/qs/6.9.7
      '@types/serve-static': registry.npmmirror.com/@types/serve-static/1.15.1
    dev: true

  registry.npmmirror.com/@types/mime/1.3.2:
    resolution: {integrity: sha512-YATxVxgRqNH6nHEIsvg6k2Boc1JHI9ZbH5iWFFv/MTkchz3b1ieGDa5T0a9RznNdI0KhVbdbWSN+KWWrQZRxTw==, registry: https://registry.npm.taobao.org/, tarball: https://registry.npmmirror.com/@types/mime/-/mime-1.3.2.tgz}
    name: '@types/mime'
    version: 1.3.2
    dev: true

  registry.npmmirror.com/@types/mime/3.0.1:
    resolution: {integrity: sha512-Y4XFY5VJAuw0FgAqPNd6NNoV44jbq9Bz2L7Rh/J6jLTiHBSBJa9fxqQIvkIld4GsoDOcCbvzOUAbLPsSKKg+uA==, registry: https://registry.npm.taobao.org/, tarball: https://registry.npmmirror.com/@types/mime/-/mime-3.0.1.tgz}
    name: '@types/mime'
    version: 3.0.1
    dev: true

  registry.npmmirror.com/@types/node/20.1.7:
    resolution: {integrity: sha512-WCuw/o4GSwDGMoonES8rcvwsig77dGCMbZDrZr2x4ZZiNW4P/gcoZXe/0twgtobcTkmg9TuKflxYL/DuwDyJzg==, registry: https://registry.npm.taobao.org/, tarball: https://registry.npmmirror.com/@types/node/-/node-20.1.7.tgz}
    name: '@types/node'
    version: 20.1.7
    dev: true

  registry.npmmirror.com/@types/qs/6.9.7:
    resolution: {integrity: sha512-FGa1F62FT09qcrueBA6qYTrJPVDzah9a+493+o2PCXsesWHIn27G98TsSMs3WPNbZIEj4+VJf6saSFpvD+3Zsw==, registry: https://registry.npm.taobao.org/, tarball: https://registry.npmmirror.com/@types/qs/-/qs-6.9.7.tgz}
    name: '@types/qs'
    version: 6.9.7
    dev: true

  registry.npmmirror.com/@types/range-parser/1.2.4:
    resolution: {integrity: sha512-EEhsLsD6UsDM1yFhAvy0Cjr6VwmpMWqFBCb9w07wVugF7w9nfajxLuVmngTIpgS6svCnm6Vaw+MZhoDCKnOfsw==, registry: https://registry.npm.taobao.org/, tarball: https://registry.npmmirror.com/@types/range-parser/-/range-parser-1.2.4.tgz}
    name: '@types/range-parser'
    version: 1.2.4
    dev: true

  registry.npmmirror.com/@types/send/0.17.1:
    resolution: {integrity: sha512-Cwo8LE/0rnvX7kIIa3QHCkcuF21c05Ayb0ZfxPiv0W8VRiZiNW/WuRupHKpqqGVGf7SUA44QSOUKaEd9lIrd/Q==, registry: https://registry.npm.taobao.org/, tarball: https://registry.npmmirror.com/@types/send/-/send-0.17.1.tgz}
    name: '@types/send'
    version: 0.17.1
    dependencies:
      '@types/mime': registry.npmmirror.com/@types/mime/1.3.2
      '@types/node': registry.npmmirror.com/@types/node/20.1.7
    dev: true

  registry.npmmirror.com/@types/serve-static/1.15.1:
    resolution: {integrity: sha512-NUo5XNiAdULrJENtJXZZ3fHtfMolzZwczzBbnAeBbqBwG+LaG6YaJtuwzwGSQZ2wsCrxjEhNNjAkKigy3n8teQ==, registry: https://registry.npm.taobao.org/, tarball: https://registry.npmmirror.com/@types/serve-static/-/serve-static-1.15.1.tgz}
    name: '@types/serve-static'
    version: 1.15.1
    dependencies:
      '@types/mime': registry.npmmirror.com/@types/mime/3.0.1
      '@types/node': registry.npmmirror.com/@types/node/20.1.7
    dev: true

  registry.npmmirror.com/express-serve-static-core/0.1.1:
    resolution: {integrity: sha512-phQFPo1vVwBLOjDq+EspUY6PpWZIs/s62Lvu6QuReViQ9j9ANBnMqPBRwdxs3zxNmpMJ9KBKrmMqCjMwHnGRyQ==, registry: https://registry.npm.taobao.org/, tarball: https://registry.npmmirror.com/express-serve-static-core/-/express-serve-static-core-0.1.1.tgz}
    name: express-serve-static-core
    version: 0.1.1
    dev: true
